
Microsoft Visual Studio Solution File, Format Version 12.00
# Visual Studio Version 16
VisualStudioVersion = 16.0.30907.101
MinimumVisualStudioVersion = 10.0.40219.1
Project("{FAE04EC0-301F-11D3-BF4B-00C04F79EFBC}") = "Spreadsheet_Logan_Kloft", "Spreadsheet_Logan_Kloft\Spreadsheet_Logan_Kloft.csproj", "{3FBFCFE0-5FD3-4E2D-A111-1304B5DBB593}"
EndProject
Project("{FAE04EC0-301F-11D3-BF4B-00C04F79EFBC}") = "SpreadsheetEngine", "SpreadsheetEngine\SpreadsheetEngine.csproj", "{E8DDA31A-CC39-4354-A488-BAA41968C6E3}"
EndProject
Project("{FAE04EC0-301F-11D3-BF4B-00C04F79EFBC}") = "SpreadsheetEngineTests", "SpreadsheetEngineTests\SpreadsheetEngineTests.csproj", "{FC81A5FB-A851-44E1-BE39-AE6CFBB88CC5}"
EndProject
Global
	GlobalSection(SolutionConfigurationPlatforms) = preSolution
		Debug|Any CPU = Debug|Any CPU
		Release|Any CPU = Release|Any CPU
	EndGlobalSection
	GlobalSection(ProjectConfigurationPlatforms) = postSolution
		{3FBFCFE0-5FD3-4E2D-A111-1304B5DBB593}.Debug|Any CPU.ActiveCfg = Debug|Any CPU
		{3FBFCFE0-5FD3-4E2D-A111-1304B5DBB593}.Debug|Any CPU.Build.0 = Debug|Any CPU
		{3FBFCFE0-5FD3-4E2D-A111-1304B5DBB593}.Release|Any CPU.ActiveCfg = Release|Any CPU
		{3FBFCFE0-5FD3-4E2D-A111-1304B5DBB593}.Release|Any CPU.Build.0 = Release|Any CPU
		{E8DDA31A-CC39-4354-A488-BAA41968C6E3}.Debug|Any CPU.ActiveCfg = Debug|Any CPU
		{E8DDA31A-CC39-4354-A488-BAA41968C6E3}.Debug|Any CPU.Build.0 = Debug|Any CPU
		{E8DDA31A-CC39-4354-A488-BAA41968C6E3}.Release|Any CPU.ActiveCfg = Release|Any CPU
		{E8DDA31A-CC39-4354-A488-BAA41968C6E3}.Release|Any CPU.Build.0 = Release|Any CPU
		{FC81A5FB-A851-44E1-BE39-AE6CFBB88CC5}.Debug|Any CPU.ActiveCfg = Debug|Any CPU
		{FC81A5FB-A851-44E1-BE39-AE6CFBB88CC5}.Debug|Any CPU.Build.0 = Debug|Any CPU
		{FC81A5FB-A851-44E1-BE39-AE6CFBB88CC5}.Release|Any CPU.ActiveCfg = Release|Any CPU
		{FC81A5FB-A851-44E1-BE39-AE6CFBB88CC5}.Release|Any CPU.Build.0 = Release|Any CPU
	EndGlobalSection
	GlobalSection(SolutionProperties) = preSolution
		HideSolutionNode = FALSE
	EndGlobalSection
	GlobalSection(ExtensibilityGlobals) = postSolution
		SolutionGuid = {55F25963-F1A1-463D-BA39-B1982EF6EBA3}
	EndGlobalSection
EndGlobal
